
Microsoft Visual Studio Solution File, Format Version 12.00
# Visual Studio Version 17
VisualStudioVersion = 17.0.31903.59
MinimumVisualStudioVersion = 10.0.40219.1
Project("{2150E333-8FDC-42A3-9474-1A3956D46DE8}") = "Core", "Core", "{FBF56CC3-7AE6-AD2D-3F14-7F97FD322CD6}"
EndProject
Project("{FAE04EC0-301F-11D3-BF4B-00C04F79EFBC}") = "SkipList", "Core\SkipList\SkipList.csproj", "{F4547E84-D9E8-4950-BC42-8CA4B16A5E7C}"
EndProject
Project("{2150E333-8FDC-42A3-9474-1A3956D46DE8}") = "Tests", "Tests", "{0AB3BF05-4346-4AA6-1389-037BE0695223}"
EndProject
Project("{FAE04EC0-301F-11D3-BF4B-00C04F79EFBC}") = "SkipListTests", "Tests\SkipListTests\SkipListTests.csproj", "{9F2ABC77-5291-4F23-9E58-C28AC918436E}"
EndProject
Global
	GlobalSection(SolutionConfigurationPlatforms) = preSolution
		Debug|Any CPU = Debug|Any CPU
		Debug|x64 = Debug|x64
		Debug|x86 = Debug|x86
		Release|Any CPU = Release|Any CPU
		Release|x64 = Release|x64
		Release|x86 = Release|x86
	EndGlobalSection
	GlobalSection(ProjectConfigurationPlatforms) = postSolution
		{F4547E84-D9E8-4950-BC42-8CA4B16A5E7C}.Debug|Any CPU.ActiveCfg = Debug|Any CPU
		{F4547E84-D9E8-4950-BC42-8CA4B16A5E7C}.Debug|Any CPU.Build.0 = Debug|Any CPU
		{F4547E84-D9E8-4950-BC42-8CA4B16A5E7C}.Debug|x64.ActiveCfg = Debug|Any CPU
		{F4547E84-D9E8-4950-BC42-8CA4B16A5E7C}.Debug|x64.Build.0 = Debug|Any CPU
		{F4547E84-D9E8-4950-BC42-8CA4B16A5E7C}.Debug|x86.ActiveCfg = Debug|Any CPU
		{F4547E84-D9E8-4950-BC42-8CA4B16A5E7C}.Debug|x86.Build.0 = Debug|Any CPU
		{F4547E84-D9E8-4950-BC42-8CA4B16A5E7C}.Release|Any CPU.ActiveCfg = Release|Any CPU
		{F4547E84-D9E8-4950-BC42-8CA4B16A5E7C}.Release|Any CPU.Build.0 = Release|Any CPU
		{F4547E84-D9E8-4950-BC42-8CA4B16A5E7C}.Release|x64.ActiveCfg = Release|Any CPU
		{F4547E84-D9E8-4950-BC42-8CA4B16A5E7C}.Release|x64.Build.0 = Release|Any CPU
		{F4547E84-D9E8-4950-BC42-8CA4B16A5E7C}.Release|x86.ActiveCfg = Release|Any CPU
		{F4547E84-D9E8-4950-BC42-8CA4B16A5E7C}.Release|x86.Build.0 = Release|Any CPU
		{9F2ABC77-5291-4F23-9E58-C28AC918436E}.Debug|Any CPU.ActiveCfg = Debug|Any CPU
		{9F2ABC77-5291-4F23-9E58-C28AC918436E}.Debug|Any CPU.Build.0 = Debug|Any CPU
		{9F2ABC77-5291-4F23-9E58-C28AC918436E}.Debug|x64.ActiveCfg = Debug|Any CPU
		{9F2ABC77-5291-4F23-9E58-C28AC918436E}.Debug|x64.Build.0 = Debug|Any CPU
		{9F2ABC77-5291-4F23-9E58-C28AC918436E}.Debug|x86.ActiveCfg = Debug|Any CPU
		{9F2ABC77-5291-4F23-9E58-C28AC918436E}.Debug|x86.Build.0 = Debug|Any CPU
		{9F2ABC77-5291-4F23-9E58-C28AC918436E}.Release|Any CPU.ActiveCfg = Release|Any CPU
		{9F2ABC77-5291-4F23-9E58-C28AC918436E}.Release|Any CPU.Build.0 = Release|Any CPU
		{9F2ABC77-5291-4F23-9E58-C28AC918436E}.Release|x64.ActiveCfg = Release|Any CPU
		{9F2ABC77-5291-4F23-9E58-C28AC918436E}.Release|x64.Build.0 = Release|Any CPU
		{9F2ABC77-5291-4F23-9E58-C28AC918436E}.Release|x86.ActiveCfg = Release|Any CPU
		{9F2ABC77-5291-4F23-9E58-C28AC918436E}.Release|x86.Build.0 = Release|Any CPU
	EndGlobalSection
	GlobalSection(SolutionProperties) = preSolution
		HideSolutionNode = FALSE
	EndGlobalSection
	GlobalSection(NestedProjects) = preSolution
		{F4547E84-D9E8-4950-BC42-8CA4B16A5E7C} = {FBF56CC3-7AE6-AD2D-3F14-7F97FD322CD6}
		{9F2ABC77-5291-4F23-9E58-C28AC918436E} = {0AB3BF05-4346-4AA6-1389-037BE0695223}
	EndGlobalSection
EndGlobal
